<Solution>
  <Project Path="../../../../../../Documents (CESI)/Projet Génie Logiciel/EasySave/EasySave.csproj" Id="b4359409-8cf8-460c-815e-f1396cee3c26" />
  <Project Path="../../../../../../Documents (CESI)/Projet Génie Logiciel/Génie Logiciel/Génie Logiciel.csproj" Id="6fe2950d-7f97-450b-a5f0-a66564cff111" />
</Solution>
